
Microsoft Visual Studio Solution File, Format Version 12.00
# Visual Studio Version 16
VisualStudioVersion = 16.0.31129.286
MinimumVisualStudioVersion = 10.0.40219.1
Project("{9A19103F-16F7-4668-BE54-9A1E7A4F7556}") = "MovieApp.Server", "Server\MovieApp.Server.csproj", "{882FF7FB-0C83-4D3C-A84B-27A0E24B9CEB}"
EndProject
Project("{9A19103F-16F7-4668-BE54-9A1E7A4F7556}") = "MovieApp.Client", "Client\MovieApp.Client.csproj", "{D71BF7FB-7992-4475-870C-3F546C353306}"
EndProject
Project("{9A19103F-16F7-4668-BE54-9A1E7A4F7556}") = "MovieApp.Shared", "Shared\MovieApp.Shared.csproj", "{DA6407EA-3AAD-4145-B2F3-8FECA81C5059}"
EndProject
Global
	GlobalSection(SolutionConfigurationPlatforms) = preSolution
		Debug|Any CPU = Debug|Any CPU
		Release|Any CPU = Release|Any CPU
	EndGlobalSection
	GlobalSection(ProjectConfigurationPlatforms) = postSolution
		{882FF7FB-0C83-4D3C-A84B-27A0E24B9CEB}.Debug|Any CPU.ActiveCfg = Debug|Any CPU
		{882FF7FB-0C83-4D3C-A84B-27A0E24B9CEB}.Debug|Any CPU.Build.0 = Debug|Any CPU
		{882FF7FB-0C83-4D3C-A84B-27A0E24B9CEB}.Release|Any CPU.ActiveCfg = Release|Any CPU
		{882FF7FB-0C83-4D3C-A84B-27A0E24B9CEB}.Release|Any CPU.Build.0 = Release|Any CPU
		{D71BF7FB-7992-4475-870C-3F546C353306}.Debug|Any CPU.ActiveCfg = Debug|Any CPU
		{D71BF7FB-7992-4475-870C-3F546C353306}.Debug|Any CPU.Build.0 = Debug|Any CPU
		{D71BF7FB-7992-4475-870C-3F546C353306}.Release|Any CPU.ActiveCfg = Release|Any CPU
		{D71BF7FB-7992-4475-870C-3F546C353306}.Release|Any CPU.Build.0 = Release|Any CPU
		{DA6407EA-3AAD-4145-B2F3-8FECA81C5059}.Debug|Any CPU.ActiveCfg = Debug|Any CPU
		{DA6407EA-3AAD-4145-B2F3-8FECA81C5059}.Debug|Any CPU.Build.0 = Debug|Any CPU
		{DA6407EA-3AAD-4145-B2F3-8FECA81C5059}.Release|Any CPU.ActiveCfg = Release|Any CPU
		{DA6407EA-3AAD-4145-B2F3-8FECA81C5059}.Release|Any CPU.Build.0 = Release|Any CPU
	EndGlobalSection
	GlobalSection(SolutionProperties) = preSolution
		HideSolutionNode = FALSE
	EndGlobalSection
	GlobalSection(ExtensibilityGlobals) = postSolution
		SolutionGuid = {2476F668-78F4-4389-837C-90E15DD7537A}
	EndGlobalSection
EndGlobal
